// !$*UTF8*$!
{
	archiveVersion = 1;
	classes = {
	};
	objectVersion = 46;
	objects = {

/* Begin PBXBuildFile section */
		4561B6081CA2934C00C66C0D /* AppDelegate.swift in Sources */ = {isa = PBXBuildFile; fileRef = 4561B6071CA2934C00C66C0D /* AppDelegate.swift */; };
		4561B60A1CA2934C00C66C0D /* ViewController.swift in Sources */ = {isa = PBXBuildFile; fileRef = 4561B6091CA2934C00C66C0D /* ViewController.swift */; };
		4561B60D1CA2934C00C66C0D /* Main.storyboard in Resources */ = {isa = PBXBuildFile; fileRef = 4561B60B1CA2934C00C66C0D /* Main.storyboard */; };
		4561B60F1CA2934C00C66C0D /* Assets.xcassets in Resources */ = {isa = PBXBuildFile; fileRef = 4561B60E1CA2934C00C66C0D /* Assets.xcassets */; };
		4561B6121CA2934C00C66C0D /* LaunchScreen.storyboard in Resources */ = {isa = PBXBuildFile; fileRef = 4561B6101CA2934C00C66C0D /* LaunchScreen.storyboard */; };
		4561B61E1CA2942B00C66C0D /* bite.wav in Resources */ = {isa = PBXBuildFile; fileRef = 4561B6191CA2942B00C66C0D /* bite.wav */; };
		4561B61F1CA2942B00C66C0D /* cave-music.mp3 in Resources */ = {isa = PBXBuildFile; fileRef = 4561B61A1CA2942B00C66C0D /* cave-music.mp3 */; };
		4561B6201CA2942B00C66C0D /* death.wav in Resources */ = {isa = PBXBuildFile; fileRef = 4561B61B1CA2942B00C66C0D /* death.wav */; };
		4561B6211CA2942B00C66C0D /* heart.wav in Resources */ = {isa = PBXBuildFile; fileRef = 4561B61C1CA2942B00C66C0D /* heart.wav */; };
		4561B6221CA2942B00C66C0D /* skull.wav in Resources */ = {isa = PBXBuildFile; fileRef = 4561B61D1CA2942B00C66C0D /* skull.wav */; };
		4561B6241CA2CDB800C66C0D /* DragImg.swift in Sources */ = {isa = PBXBuildFile; fileRef = 4561B6231CA2CDB800C66C0D /* DragImg.swift */; };
		4561B6261CA2D89500C66C0D /* MonsterImg.swift in Sources */ = {isa = PBXBuildFile; fileRef = 4561B6251CA2D89500C66C0D /* MonsterImg.swift */; };
/* End PBXBuildFile section */

/* Begin PBXFileReference section */
		4561B6041CA2934C00C66C0D /* myStupidGolem.app */ = {isa = PBXFileReference; explicitFileType = wrapper.application; includeInIndex = 0; path = myStupidGolem.app; sourceTree = BUILT_PRODUCTS_DIR; };
		4561B6071CA2934C00C66C0D /* AppDelegate.swift */ = {isa = PBXFileReference; lastKnownFileType = sourcecode.swift; path = AppDelegate.swift; sourceTree = "<group>"; };
		4561B6091CA2934C00C66C0D /* ViewController.swift */ = {isa = PBXFileReference; lastKnownFileType = sourcecode.swift; path = ViewController.swift; sourceTree = "<group>"; };
		4561B60C1CA2934C00C66C0D /* Base */ = {isa = PBXFileReference; lastKnownFileType = file.storyboard; name = Base; path = Base.lproj/Main.storyboard; sourceTree = "<group>"; };
		4561B60E1CA2934C00C66C0D /* Assets.xcassets */ = {isa = PBXFileReference; lastKnownFileType = folder.assetcatalog; path = Assets.xcassets; sourceTree = "<group>"; };
		4561B6111CA2934C00C66C0D /* Base */ = {isa = PBXFileReference; lastKnownFileType = file.storyboard; name = Base; path = Base.lproj/LaunchScreen.storyboard; sourceTree = "<group>"; };
		4561B6131CA2934C00C66C0D /* Info.plist */ = {isa = PBXFileReference; lastKnownFileType = text.plist.xml; path = Info.plist; sourceTree = "<group>"; };
		4561B6191CA2942B00C66C0D /* bite.wav */ = {isa = PBXFileReference; lastKnownFileType = audio.wav; path = bite.wav; sourceTree = "<group>"; };
		4561B61A1CA2942B00C66C0D /* cave-music.mp3 */ = {isa = PBXFileReference; lastKnownFileType = audio.mp3; path = "cave-music.mp3"; sourceTree = "<group>"; };
		4561B61B1CA2942B00C66C0D /* death.wav */ = {isa = PBXFileReference; lastKnownFileType = audio.wav; path = death.wav; sourceTree = "<group>"; };
		4561B61C1CA2942B00C66C0D /* heart.wav */ = {isa = PBXFileReference; lastKnownFileType = audio.wav; path = heart.wav; sourceTree = "<group>"; };
		4561B61D1CA2942B00C66C0D /* skull.wav */ = {isa = PBXFileReference; lastKnownFileType = audio.wav; path = skull.wav; sourceTree = "<group>"; };
		4561B6231CA2CDB800C66C0D /* DragImg.swift */ = {isa = PBXFileReference; fileEncoding = 4; lastKnownFileType = sourcecode.swift; name = DragImg.swift; path = ../DragImg.swift; sourceTree = "<group>"; };
		4561B6251CA2D89500C66C0D /* MonsterImg.swift */ = {isa = PBXFileReference; fileEncoding = 4; lastKnownFileType = sourcecode.swift; path = MonsterImg.swift; sourceTree = "<group>"; };
/* End PBXFileReference section */

/* Begin PBXFrameworksBuildPhase section */
		4561B6011CA2934C00C66C0D /* Frameworks */ = {
			isa = PBXFrameworksBuildPhase;
			buildActionMask = 2147483647;
			files = (
			);
			runOnlyForDeploymentPostprocessing = 0;
		};
/* End PBXFrameworksBuildPhase section */

/* Begin PBXGroup section */
		4561B5FB1CA2934C00C66C0D = {
			isa = PBXGroup;
			children = (
				4561B6061CA2934C00C66C0D /* myStupidGolem */,
				4561B6051CA2934C00C66C0D /* Products */,
			);
			sourceTree = "<group>";
		};
		4561B6051CA2934C00C66C0D /* Products */ = {
			isa = PBXGroup;
			children = (
				4561B6041CA2934C00C66C0D /* myStupidGolem.app */,
			);
			name = Products;
			sourceTree = "<group>";
		};
		4561B6061CA2934C00C66C0D /* myStupidGolem */ = {
			isa = PBXGroup;
			children = (
				4561B6191CA2942B00C66C0D /* bite.wav */,
				4561B61A1CA2942B00C66C0D /* cave-music.mp3 */,
				4561B61B1CA2942B00C66C0D /* death.wav */,
				4561B61C1CA2942B00C66C0D /* heart.wav */,
				4561B61D1CA2942B00C66C0D /* skull.wav */,
				4561B6071CA2934C00C66C0D /* AppDelegate.swift */,
				4561B6091CA2934C00C66C0D /* ViewController.swift */,
				4561B60B1CA2934C00C66C0D /* Main.storyboard */,
				4561B60E1CA2934C00C66C0D /* Assets.xcassets */,
				4561B6101CA2934C00C66C0D /* LaunchScreen.storyboard */,
				4561B6131CA2934C00C66C0D /* Info.plist */,
				4561B6231CA2CDB800C66C0D /* DragImg.swift */,
				4561B6251CA2D89500C66C0D /* MonsterImg.swift */,
			);
			path = myStupidGolem;
			sourceTree = "<group>";
		};
/* End PBXGroup section */

/* Begin PBXNativeTarget section */
		4561B6031CA2934C00C66C0D /* myStupidGolem */ = {
			isa = PBXNativeTarget;
			buildConfigurationList = 4561B6161CA2934C00C66C0D /* Build configuration list for PBXNativeTarget "myStupidGolem" */;
			buildPhases = (
				4561B6001CA2934C00C66C0D /* Sources */,
				4561B6011CA2934C00C66C0D /* Frameworks */,
				4561B6021CA2934C00C66C0D /* Resources */,
			);
			buildRules = (
			);
			dependencies = (
			);
			name = myStupidGolem;
			productName = myStupidGolem;
			productReference = 4561B6041CA2934C00C66C0D /* myStupidGolem.app */;
			productType = "com.apple.product-type.application";
		};
/* End PBXNativeTarget section */

/* Begin PBXProject section */
		4561B5FC1CA2934C00C66C0D /* Project object */ = {
			isa = PBXProject;
			attributes = {
				LastSwiftUpdateCheck = 0720;
				LastUpgradeCheck = 0720;
				ORGANIZATIONNAME = AndAnotherOne;
				TargetAttributes = {
					4561B6031CA2934C00C66C0D = {
						CreatedOnToolsVersion = 7.2;
						DevelopmentTeam = SQK26BU9F3;
					};
				};
			};
			buildConfigurationList = 4561B5FF1CA2934C00C66C0D /* Build configuration list for PBXProject "myStupidGolem" */;
			compatibilityVersion = "Xcode 3.2";
			developmentRegion = English;
			hasScannedForEncodings = 0;
			knownRegions = (
				en,
				Base,
			);
			mainGroup = 4561B5FB1CA2934C00C66C0D;
			productRefGroup = 4561B6051CA2934C00C66C0D /* Products */;
			projectDirPath = "";
			projectRoot = "";
			targets = (
				4561B6031CA2934C00C66C0D /* myStupidGolem */,
			);
		};
/* End PBXProject section */

/* Begin PBXResourcesBuildPhase section */
		4561B6021CA2934C00C66C0D /* Resources */ = {
			isa = PBXResourcesBuildPhase;
			buildActionMask = 2147483647;
			files = (
				4561B6221CA2942B00C66C0D /* skull.wav in Resources */,
				4561B61E1CA2942B00C66C0D /* bite.wav in Resources */,
				4561B6201CA2942B00C66C0D /* death.wav in Resources */,
				4561B6211CA2942B00C66C0D /* heart.wav in Resources */,
				4561B61F1CA2942B00C66C0D /* cave-music.mp3 in Resources */,
				4561B6121CA2934C00C66C0D /* LaunchScreen.storyboard in Resources */,
				4561B60F1CA2934C00C66C0D /* Assets.xcassets in Resources */,
				4561B60D1CA2934C00C66C0D /* Main.storyboard in Resources */,
			);
			runOnlyForDeploymentPostprocessing = 0;
		};
/* End PBXResourcesBuildPhase section */

/* Begin PBXSourcesBuildPhase section */
		4561B6001CA2934C00C66C0D /* Sources */ = {
			isa = PBXSourcesBuildPhase;
			buildActionMask = 2147483647;
			files = (
				4561B6261CA2D89500C66C0D /* MonsterImg.swift in Sources */,
				4561B6241CA2CDB800C66C0D /* DragImg.swift in Sources */,
				4561B60A1CA2934C00C66C0D /* ViewController.swift in Sources */,
				4561B6081CA2934C00C66C0D /* AppDelegate.swift in Sources */,
			);
			runOnlyForDeploymentPostprocessing = 0;
		};
/* End PBXSourcesBuildPhase section */

/* Begin PBXVariantGroup section */
		4561B60B1CA2934C00C66C0D /* Main.storyboard */ = {
			isa = PBXVariantGroup;
			children = (
				4561B60C1CA2934C00C66C0D /* Base */,
			);
			name = Main.storyboard;
			sourceTree = "<group>";
		};
		4561B6101CA2934C00C66C0D /* LaunchScreen.storyboard */ = {
			isa = PBXVariantGroup;
			children = (
				4561B6111CA2934C00C66C0D /* Base */,
			);
			name = LaunchScreen.storyboard;
			sourceTree = "<group>";
		};
/* End PBXVariantGroup section */

/* Begin XCBuildConfiguration section */
		4561B6141CA2934C00C66C0D /* Debug */ = {
			isa = XCBuildConfiguration;
			buildSettings = {
				ALWAYS_SEARCH_USER_PATHS = NO;
				CLANG_CXX_LANGUAGE_STANDARD = "gnu++0x";
				CLANG_CXX_LIBRARY = "libc++";
				CLANG_ENABLE_MODULES = YES;
				CLANG_ENABLE_OBJC_ARC = YES;
				CLANG_WARN_BOOL_CONVERSION = YES;
				CLANG_WARN_CONSTANT_CONVERSION = YES;
				CLANG_WARN_DIRECT_OBJC_ISA_USAGE = YES_ERROR;
				CLANG_WARN_EMPTY_BODY = YES;
				CLANG_WARN_ENUM_CONVERSION = YES;
				CLANG_WARN_INT_CONVERSION = YES;
				CLANG_WARN_OBJC_ROOT_CLASS = YES_ERROR;
				CLANG_WARN_UNREACHABLE_CODE = YES;
				CLANG_WARN__DUPLICATE_METHOD_MATCH = YES;
				"CODE_SIGN_IDENTITY[sdk=iphoneos*]" = "iPhone Developer";
				COPY_PHASE_STRIP = NO;
				DEBUG_INFORMATION_FORMAT = dwarf;
				ENABLE_STRICT_OBJC_MSGSEND = YES;
				ENABLE_TESTABILITY = YES;
				GCC_C_LANGUAGE_STANDARD = gnu99;
				GCC_DYNAMIC_NO_PIC = NO;
				GCC_NO_COMMON_BLOCKS = YES;
				GCC_OPTIMIZATION_LEVEL = 0;
				GCC_PREPROCESSOR_DEFINITIONS = (
					"DEBUG=1",
					"$(inherited)",
				);
				GCC_WARN_64_TO_32_BIT_CONVERSION = YES;
				GCC_WARN_ABOUT_RETURN_TYPE = YES_ERROR;
				GCC_WARN_UNDECLARED_SELECTOR = YES;
				GCC_WARN_UNINITIALIZED_AUTOS = YES_AGGRESSIVE;
				GCC_WARN_UNUSED_FUNCTION = YES;
				GCC_WARN_UNUSED_VARIABLE = YES;
				IPHONEOS_DEPLOYMENT_TARGET = 9.2;
				MTL_ENABLE_DEBUG_INFO = YES;
				ONLY_ACTIVE_ARCH = YES;
				SDKROOT = iphoneos;
				SWIFT_OPTIMIZATION_LEVEL = "-Onone";
				TARGETED_DEVICE_FAMILY = "1,2";
			};
			name = Debug;
		};
		4561B6151CA2934C00C66C0D /* Release */ = {
			isa = XCBuildConfiguration;
			buildSettings = {
				ALWAYS_SEARCH_USER_PATHS = NO;
				CLANG_CXX_LANGUAGE_STANDARD = "gnu++0x";
				CLANG_CXX_LIBRARY = "libc++";
				CLANG_ENABLE_MODULES = YES;
				CLANG_ENABLE_OBJC_ARC = YES;
				CLANG_WARN_BOOL_CONVERSION = YES;
				CLANG_WARN_CONSTANT_CONVERSION = YES;
				CLANG_WARN_DIRECT_OBJC_ISA_USAGE = YES_ERROR;
				CLANG_WARN_EMPTY_BODY = YES;
				CLANG_WARN_ENUM_CONVERSION = YES;
				CLANG_WARN_INT_CONVERSION = YES;
				CLANG_WARN_OBJC_ROOT_CLASS = YES_ERROR;
				CLANG_WARN_UNREACHABLE_CODE = YES;
				CLANG_WARN__DUPLICATE_METHOD_MATCH = YES;
				"CODE_SIGN_IDENTITY[sdk=iphoneos*]" = "iPhone Developer";
				COPY_PHASE_STRIP = NO;
				DEBUG_INFORMATION_FORMAT = "dwarf-with-dsym";
				ENABLE_NS_ASSERTIONS = NO;
				ENABLE_STRICT_OBJC_MSGSEND = YES;
				GCC_C_LANGUAGE_STANDARD = gnu99;
				GCC_NO_COMMON_BLOCKS = YES;
				GCC_WARN_64_TO_32_BIT_CONVERSION = YES;
				GCC_WARN_ABOUT_RETURN_TYPE = YES_ERROR;
				GCC_WARN_UNDECLARED_SELECTOR = YES;
				GCC_WARN_UNINITIALIZED_AUTOS = YES_AGGRESSIVE;
				GCC_WARN_UNUSED_FUNCTION = YES;
				GCC_WARN_UNUSED_VARIABLE = YES;
				IPHONEOS_DEPLOYMENT_TARGET = 9.2;
				MTL_ENABLE_DEBUG_INFO = NO;
				SDKROOT = iphoneos;
				TARGETED_DEVICE_FAMILY = "1,2";
				VALIDATE_PRODUCT = YES;
			};
			name = Release;
		};
		4561B6171CA2934C00C66C0D /* Debug */ = {
			isa = XCBuildConfiguration;
			buildSettings = {
				ASSETCATALOG_COMPILER_APPICON_NAME = AppIcon;
				INFOPLIST_FILE = myStupidGolem/Info.plist;
				LD_RUNPATH_SEARCH_PATHS = "$(inherited) @executable_path/Frameworks";
				PRODUCT_BUNDLE_IDENTIFIER = com.AndAnotherOne.myStupidGolem;
				PRODUCT_NAME = "$(TARGET_NAME)";
			};
			name = Debug;
		};
		4561B6181CA2934C00C66C0D /* Release */ = {
			isa = XCBuildConfiguration;
			buildSettings = {
				ASSETCATALOG_COMPILER_APPICON_NAME = AppIcon;
				INFOPLIST_FILE = myStupidGolem/Info.plist;
				LD_RUNPATH_SEARCH_PATHS = "$(inherited) @executable_path/Frameworks";
				PRODUCT_BUNDLE_IDENTIFIER = com.AndAnotherOne.myStupidGolem;
				PRODUCT_NAME = "$(TARGET_NAME)";
			};
			name = Release;
		};
/* End XCBuildConfiguration section */

/* Begin XCConfigurationList section */
		4561B5FF1CA2934C00C66C0D /* Build configuration list for PBXProject "myStupidGolem" */ = {
			isa = XCConfigurationList;
			buildConfigurations = (
				4561B6141CA2934C00C66C0D /* Debug */,
				4561B6151CA2934C00C66C0D /* Release */,
			);
			defaultConfigurationIsVisible = 0;
			defaultConfigurationName = Release;
		};
		4561B6161CA2934C00C66C0D /* Build configuration list for PBXNativeTarget "myStupidGolem" */ = {
			isa = XCConfigurationList;
			buildConfigurations = (
				4561B6171CA2934C00C66C0D /* Debug */,
				4561B6181CA2934C00C66C0D /* Release */,
			);
			defaultConfigurationIsVisible = 0;
		};
/* End XCConfigurationList section */
	};
	rootObject = 4561B5FC1CA2934C00C66C0D /* Project object */;
}
